
Microsoft Visual Studio Solution File, Format Version 12.00
Project("{FAE04EC0-301F-11D3-BF4B-00C04F79EFBC}") = "GetBoxed", "GetBoxed\GetBoxed.csproj", "{31CD732F-EB1C-426E-8983-D77D55BBAFC9}"
EndProject
Global
	GlobalSection(SolutionConfigurationPlatforms) = preSolution
		Debug|Any CPU = Debug|Any CPU
		Release|Any CPU = Release|Any CPU
	EndGlobalSection
	GlobalSection(ProjectConfigurationPlatforms) = postSolution
		{31CD732F-EB1C-426E-8983-D77D55BBAFC9}.Debug|Any CPU.ActiveCfg = Debug|Any CPU
		{31CD732F-EB1C-426E-8983-D77D55BBAFC9}.Debug|Any CPU.Build.0 = Debug|Any CPU
		{31CD732F-EB1C-426E-8983-D77D55BBAFC9}.Release|Any CPU.ActiveCfg = Release|Any CPU
		{31CD732F-EB1C-426E-8983-D77D55BBAFC9}.Release|Any CPU.Build.0 = Release|Any CPU
	EndGlobalSection
EndGlobal
